// !$*UTF8*$!
{
	archiveVersion = 1;
	classes = {
	};
	objectVersion = 55;
	objects = {

/* Begin PBXBuildFile section */
		9F772E3E27A88045004FB91D /* SimplePokedexApp.swift in Sources */ = {isa = PBXBuildFile; fileRef = 9F772E3D27A88045004FB91D /* SimplePokedexApp.swift */; };
		9F772E4027A88045004FB91D /* ContentView.swift in Sources */ = {isa = PBXBuildFile; fileRef = 9F772E3F27A88045004FB91D /* ContentView.swift */; };
		9F772E4227A8804C004FB91D /* Assets.xcassets in Resources */ = {isa = PBXBuildFile; fileRef = 9F772E4127A8804C004FB91D /* Assets.xcassets */; };
		9F772E4527A8804C004FB91D /* Preview Assets.xcassets in Resources */ = {isa = PBXBuildFile; fileRef = 9F772E4427A8804C004FB91D /* Preview Assets.xcassets */; };
		9F772E4F27A8809C004FB91D /* PokedexView.swift in Sources */ = {isa = PBXBuildFile; fileRef = 9F772E4E27A8809C004FB91D /* PokedexView.swift */; };
		9F772E5127A880B5004FB91D /* Pokemon.swift in Sources */ = {isa = PBXBuildFile; fileRef = 9F772E5027A880B5004FB91D /* Pokemon.swift */; };
		9F772E5327A88160004FB91D /* PokemonApi.swift in Sources */ = {isa = PBXBuildFile; fileRef = 9F772E5227A88160004FB91D /* PokemonApi.swift */; };
		9F772E5527A882F2004FB91D /* PokemonSelected.swift in Sources */ = {isa = PBXBuildFile; fileRef = 9F772E5427A882F2004FB91D /* PokemonSelected.swift */; };
		9F772E5727A8832B004FB91D /* PokemonImage.swift in Sources */ = {isa = PBXBuildFile; fileRef = 9F772E5627A8832B004FB91D /* PokemonImage.swift */; };
		9FF574D627AB26F80042750C /* PokemonSelectedDetails.swift in Sources */ = {isa = PBXBuildFile; fileRef = 9FF574D527AB26F70042750C /* PokemonSelectedDetails.swift */; };
		9FF574D827AB422E0042750C /* ColorTypeView.swift in Sources */ = {isa = PBXBuildFile; fileRef = 9FF574D727AB422E0042750C /* ColorTypeView.swift */; };
		9FFF54B627A9E512000AE647 /* PokemonDetailsView.swift in Sources */ = {isa = PBXBuildFile; fileRef = 9FFF54B527A9E512000AE647 /* PokemonDetailsView.swift */; };
/* End PBXBuildFile section */

/* Begin PBXFileReference section */
		9F772E3A27A88045004FB91D /* SimplePokedex.app */ = {isa = PBXFileReference; explicitFileType = wrapper.application; includeInIndex = 0; path = SimplePokedex.app; sourceTree = BUILT_PRODUCTS_DIR; };
		9F772E3D27A88045004FB91D /* SimplePokedexApp.swift */ = {isa = PBXFileReference; lastKnownFileType = sourcecode.swift; path = SimplePokedexApp.swift; sourceTree = "<group>"; };
		9F772E3F27A88045004FB91D /* ContentView.swift */ = {isa = PBXFileReference; lastKnownFileType = sourcecode.swift; path = ContentView.swift; sourceTree = "<group>"; };
		9F772E4127A8804C004FB91D /* Assets.xcassets */ = {isa = PBXFileReference; lastKnownFileType = folder.assetcatalog; path = Assets.xcassets; sourceTree = "<group>"; };
		9F772E4427A8804C004FB91D /* Preview Assets.xcassets */ = {isa = PBXFileReference; lastKnownFileType = folder.assetcatalog; path = "Preview Assets.xcassets"; sourceTree = "<group>"; };
		9F772E4E27A8809C004FB91D /* PokedexView.swift */ = {isa = PBXFileReference; lastKnownFileType = sourcecode.swift; path = PokedexView.swift; sourceTree = "<group>"; };
		9F772E5027A880B5004FB91D /* Pokemon.swift */ = {isa = PBXFileReference; lastKnownFileType = sourcecode.swift; path = Pokemon.swift; sourceTree = "<group>"; };
		9F772E5227A88160004FB91D /* PokemonApi.swift */ = {isa = PBXFileReference; lastKnownFileType = sourcecode.swift; path = PokemonApi.swift; sourceTree = "<group>"; };
		9F772E5427A882F2004FB91D /* PokemonSelected.swift */ = {isa = PBXFileReference; lastKnownFileType = sourcecode.swift; path = PokemonSelected.swift; sourceTree = "<group>"; };
		9F772E5627A8832B004FB91D /* PokemonImage.swift */ = {isa = PBXFileReference; lastKnownFileType = sourcecode.swift; path = PokemonImage.swift; sourceTree = "<group>"; };
		9FF574D527AB26F70042750C /* PokemonSelectedDetails.swift */ = {isa = PBXFileReference; lastKnownFileType = sourcecode.swift; path = PokemonSelectedDetails.swift; sourceTree = "<group>"; };
		9FF574D727AB422E0042750C /* ColorTypeView.swift */ = {isa = PBXFileReference; lastKnownFileType = sourcecode.swift; path = ColorTypeView.swift; sourceTree = "<group>"; };
		9FFF54B527A9E512000AE647 /* PokemonDetailsView.swift */ = {isa = PBXFileReference; lastKnownFileType = sourcecode.swift; path = PokemonDetailsView.swift; sourceTree = "<group>"; };
/* End PBXFileReference section */

/* Begin PBXFrameworksBuildPhase section */
		9F772E3727A88045004FB91D /* Frameworks */ = {
			isa = PBXFrameworksBuildPhase;
			buildActionMask = 2147483647;
			files = (
			);
			runOnlyForDeploymentPostprocessing = 0;
		};
/* End PBXFrameworksBuildPhase section */

/* Begin PBXGroup section */
		9F772E3127A88045004FB91D = {
			isa = PBXGroup;
			children = (
				9F772E3C27A88045004FB91D /* SimplePokedex */,
				9F772E3B27A88045004FB91D /* Products */,
			);
			sourceTree = "<group>";
		};
		9F772E3B27A88045004FB91D /* Products */ = {
			isa = PBXGroup;
			children = (
				9F772E3A27A88045004FB91D /* SimplePokedex.app */,
			);
			name = Products;
			sourceTree = "<group>";
		};
		9F772E3C27A88045004FB91D /* SimplePokedex */ = {
			isa = PBXGroup;
			children = (
				9F772E4D27A88079004FB91D /* Services */,
				9F772E4B27A88069004FB91D /* Model */,
				9F772E4C27A88074004FB91D /* View */,
				9F772E3D27A88045004FB91D /* SimplePokedexApp.swift */,
				9F772E3F27A88045004FB91D /* ContentView.swift */,
				9F772E4127A8804C004FB91D /* Assets.xcassets */,
				9F772E4327A8804C004FB91D /* Preview Content */,
			);
			path = SimplePokedex;
			sourceTree = "<group>";
		};
		9F772E4327A8804C004FB91D /* Preview Content */ = {
			isa = PBXGroup;
			children = (
				9F772E4427A8804C004FB91D /* Preview Assets.xcassets */,
			);
			path = "Preview Content";
			sourceTree = "<group>";
		};
		9F772E4B27A88069004FB91D /* Model */ = {
			isa = PBXGroup;
			children = (
				9F772E5027A880B5004FB91D /* Pokemon.swift */,
			);
			path = Model;
			sourceTree = "<group>";
		};
		9F772E4C27A88074004FB91D /* View */ = {
			isa = PBXGroup;
			children = (
				9F772E5627A8832B004FB91D /* PokemonImage.swift */,
				9F772E4E27A8809C004FB91D /* PokedexView.swift */,
				9FFF54B527A9E512000AE647 /* PokemonDetailsView.swift */,
				9FF574D727AB422E0042750C /* ColorTypeView.swift */,
			);
			path = View;
			sourceTree = "<group>";
		};
		9F772E4D27A88079004FB91D /* Services */ = {
			isa = PBXGroup;
			children = (
				9F772E5227A88160004FB91D /* PokemonApi.swift */,
				9F772E5427A882F2004FB91D /* PokemonSelected.swift */,
				9FF574D527AB26F70042750C /* PokemonSelectedDetails.swift */,
			);
			path = Services;
			sourceTree = "<group>";
		};
/* End PBXGroup section */

/* Begin PBXNativeTarget section */
		9F772E3927A88045004FB91D /* SimplePokedex */ = {
			isa = PBXNativeTarget;
			buildConfigurationList = 9F772E4827A8804C004FB91D /* Build configuration list for PBXNativeTarget "SimplePokedex" */;
			buildPhases = (
				9F772E3627A88045004FB91D /* Sources */,
				9F772E3727A88045004FB91D /* Frameworks */,
				9F772E3827A88045004FB91D /* Resources */,
			);
			buildRules = (
			);
			dependencies = (
			);
			name = SimplePokedex;
			productName = SimplePokedex;
			productReference = 9F772E3A27A88045004FB91D /* SimplePokedex.app */;
			productType = "com.apple.product-type.application";
		};
/* End PBXNativeTarget section */

/* Begin PBXProject section */
		9F772E3227A88045004FB91D /* Project object */ = {
			isa = PBXProject;
			attributes = {
				BuildIndependentTargetsInParallel = 1;
				LastSwiftUpdateCheck = 1310;
				LastUpgradeCheck = 1310;
				TargetAttributes = {
					9F772E3927A88045004FB91D = {
						CreatedOnToolsVersion = 13.1;
					};
				};
			};
			buildConfigurationList = 9F772E3527A88045004FB91D /* Build configuration list for PBXProject "SimplePokedex" */;
			compatibilityVersion = "Xcode 13.0";
			developmentRegion = en;
			hasScannedForEncodings = 0;
			knownRegions = (
				en,
				Base,
			);
			mainGroup = 9F772E3127A88045004FB91D;
			productRefGroup = 9F772E3B27A88045004FB91D /* Products */;
			projectDirPath = "";
			projectRoot = "";
			targets = (
				9F772E3927A88045004FB91D /* SimplePokedex */,
			);
		};
/* End PBXProject section */

/* Begin PBXResourcesBuildPhase section */
		9F772E3827A88045004FB91D /* Resources */ = {
			isa = PBXResourcesBuildPhase;
			buildActionMask = 2147483647;
			files = (
				9F772E4527A8804C004FB91D /* Preview Assets.xcassets in Resources */,
				9F772E4227A8804C004FB91D /* Assets.xcassets in Resources */,
			);
			runOnlyForDeploymentPostprocessing = 0;
		};
/* End PBXResourcesBuildPhase section */

/* Begin PBXSourcesBuildPhase section */
		9F772E3627A88045004FB91D /* Sources */ = {
			isa = PBXSourcesBuildPhase;
			buildActionMask = 2147483647;
			files = (
				9F772E4F27A8809C004FB91D /* PokedexView.swift in Sources */,
				9F772E5127A880B5004FB91D /* Pokemon.swift in Sources */,
				9FF574D827AB422E0042750C /* ColorTypeView.swift in Sources */,
				9F772E5727A8832B004FB91D /* PokemonImage.swift in Sources */,
				9F772E5527A882F2004FB91D /* PokemonSelected.swift in Sources */,
				9F772E4027A88045004FB91D /* ContentView.swift in Sources */,
				9FFF54B627A9E512000AE647 /* PokemonDetailsView.swift in Sources */,
				9FF574D627AB26F80042750C /* PokemonSelectedDetails.swift in Sources */,
				9F772E3E27A88045004FB91D /* SimplePokedexApp.swift in Sources */,
				9F772E5327A88160004FB91D /* PokemonApi.swift in Sources */,
			);
			runOnlyForDeploymentPostprocessing = 0;
		};
/* End PBXSourcesBuildPhase section */

/* Begin XCBuildConfiguration section */
		9F772E4627A8804C004FB91D /* Debug */ = {
			isa = XCBuildConfiguration;
			buildSettings = {
				ALWAYS_SEARCH_USER_PATHS = NO;
				CLANG_ANALYZER_NONNULL = YES;
				CLANG_ANALYZER_NUMBER_OBJECT_CONVERSION = YES_AGGRESSIVE;
				CLANG_CXX_LANGUAGE_STANDARD = "gnu++17";
				CLANG_CXX_LIBRARY = "libc++";
				CLANG_ENABLE_MODULES = YES;
				CLANG_ENABLE_OBJC_ARC = YES;
				CLANG_ENABLE_OBJC_WEAK = YES;
				CLANG_WARN_BLOCK_CAPTURE_AUTORELEASING = YES;
				CLANG_WARN_BOOL_CONVERSION = YES;
				CLANG_WARN_COMMA = YES;
				CLANG_WARN_CONSTANT_CONVERSION = YES;
				CLANG_WARN_DEPRECATED_OBJC_IMPLEMENTATIONS = YES;
				CLANG_WARN_DIRECT_OBJC_ISA_USAGE = YES_ERROR;
				CLANG_WARN_DOCUMENTATION_COMMENTS = YES;
				CLANG_WARN_EMPTY_BODY = YES;
				CLANG_WARN_ENUM_CONVERSION = YES;
				CLANG_WARN_INFINITE_RECURSION = YES;
				CLANG_WARN_INT_CONVERSION = YES;
				CLANG_WARN_NON_LITERAL_NULL_CONVERSION = YES;
				CLANG_WARN_OBJC_IMPLICIT_RETAIN_SELF = YES;
				CLANG_WARN_OBJC_LITERAL_CONVERSION = YES;
				CLANG_WARN_OBJC_ROOT_CLASS = YES_ERROR;
				CLANG_WARN_QUOTED_INCLUDE_IN_FRAMEWORK_HEADER = YES;
				CLANG_WARN_RANGE_LOOP_ANALYSIS = YES;
				CLANG_WARN_STRICT_PROTOTYPES = YES;
				CLANG_WARN_SUSPICIOUS_MOVE = YES;
				CLANG_WARN_UNGUARDED_AVAILABILITY = YES_AGGRESSIVE;
				CLANG_WARN_UNREACHABLE_CODE = YES;
				CLANG_WARN__DUPLICATE_METHOD_MATCH = YES;
				COPY_PHASE_STRIP = NO;
				DEBUG_INFORMATION_FORMAT = dwarf;
				ENABLE_STRICT_OBJC_MSGSEND = YES;
				ENABLE_TESTABILITY = YES;
				GCC_C_LANGUAGE_STANDARD = gnu11;
				GCC_DYNAMIC_NO_PIC = NO;
				GCC_NO_COMMON_BLOCKS = YES;
				GCC_OPTIMIZATION_LEVEL = 0;
				GCC_PREPROCESSOR_DEFINITIONS = (
					"DEBUG=1",
					"$(inherited)",
				);
				GCC_WARN_64_TO_32_BIT_CONVERSION = YES;
				GCC_WARN_ABOUT_RETURN_TYPE = YES_ERROR;
				GCC_WARN_UNDECLARED_SELECTOR = YES;
				GCC_WARN_UNINITIALIZED_AUTOS = YES_AGGRESSIVE;
				GCC_WARN_UNUSED_FUNCTION = YES;
				GCC_WARN_UNUSED_VARIABLE = YES;
				IPHONEOS_DEPLOYMENT_TARGET = 15.0;
				MTL_ENABLE_DEBUG_INFO = INCLUDE_SOURCE;
				MTL_FAST_MATH = YES;
				ONLY_ACTIVE_ARCH = YES;
				SDKROOT = iphoneos;
				SWIFT_ACTIVE_COMPILATION_CONDITIONS = DEBUG;
				SWIFT_OPTIMIZATION_LEVEL = "-Onone";
			};
			name = Debug;
		};
		9F772E4727A8804C004FB91D /* Release */ = {
			isa = XCBuildConfiguration;
			buildSettings = {
				ALWAYS_SEARCH_USER_PATHS = NO;
				CLANG_ANALYZER_NONNULL = YES;
				CLANG_ANALYZER_NUMBER_OBJECT_CONVERSION = YES_AGGRESSIVE;
				CLANG_CXX_LANGUAGE_STANDARD = "gnu++17";
				CLANG_CXX_LIBRARY = "libc++";
				CLANG_ENABLE_MODULES = YES;
				CLANG_ENABLE_OBJC_ARC = YES;
				CLANG_ENABLE_OBJC_WEAK = YES;
				CLANG_WARN_BLOCK_CAPTURE_AUTORELEASING = YES;
				CLANG_WARN_BOOL_CONVERSION = YES;
				CLANG_WARN_COMMA = YES;
				CLANG_WARN_CONSTANT_CONVERSION = YES;
				CLANG_WARN_DEPRECATED_OBJC_IMPLEMENTATIONS = YES;
				CLANG_WARN_DIRECT_OBJC_ISA_USAGE = YES_ERROR;
				CLANG_WARN_DOCUMENTATION_COMMENTS = YES;
				CLANG_WARN_EMPTY_BODY = YES;
				CLANG_WARN_ENUM_CONVERSION = YES;
				CLANG_WARN_INFINITE_RECURSION = YES;
				CLANG_WARN_INT_CONVERSION = YES;
				CLANG_WARN_NON_LITERAL_NULL_CONVERSION = YES;
				CLANG_WARN_OBJC_IMPLICIT_RETAIN_SELF = YES;
				CLANG_WARN_OBJC_LITERAL_CONVERSION = YES;
				CLANG_WARN_OBJC_ROOT_CLASS = YES_ERROR;
				CLANG_WARN_QUOTED_INCLUDE_IN_FRAMEWORK_HEADER = YES;
				CLANG_WARN_RANGE_LOOP_ANALYSIS = YES;
				CLANG_WARN_STRICT_PROTOTYPES = YES;
				CLANG_WARN_SUSPICIOUS_MOVE = YES;
				CLANG_WARN_UNGUARDED_AVAILABILITY = YES_AGGRESSIVE;
				CLANG_WARN_UNREACHABLE_CODE = YES;
				CLANG_WARN__DUPLICATE_METHOD_MATCH = YES;
				COPY_PHASE_STRIP = NO;
				DEBUG_INFORMATION_FORMAT = "dwarf-with-dsym";
				ENABLE_NS_ASSERTIONS = NO;
				ENABLE_STRICT_OBJC_MSGSEND = YES;
				GCC_C_LANGUAGE_STANDARD = gnu11;
				GCC_NO_COMMON_BLOCKS = YES;
				GCC_WARN_64_TO_32_BIT_CONVERSION = YES;
				GCC_WARN_ABOUT_RETURN_TYPE = YES_ERROR;
				GCC_WARN_UNDECLARED_SELECTOR = YES;
				GCC_WARN_UNINITIALIZED_AUTOS = YES_AGGRESSIVE;
				GCC_WARN_UNUSED_FUNCTION = YES;
				GCC_WARN_UNUSED_VARIABLE = YES;
				IPHONEOS_DEPLOYMENT_TARGET = 15.0;
				MTL_ENABLE_DEBUG_INFO = NO;
				MTL_FAST_MATH = YES;
				SDKROOT = iphoneos;
				SWIFT_COMPILATION_MODE = wholemodule;
				SWIFT_OPTIMIZATION_LEVEL = "-O";
				VALIDATE_PRODUCT = YES;
			};
			name = Release;
		};
		9F772E4927A8804C004FB91D /* Debug */ = {
			isa = XCBuildConfiguration;
			buildSettings = {
				ASSETCATALOG_COMPILER_APPICON_NAME = AppIcon;
				ASSETCATALOG_COMPILER_GLOBAL_ACCENT_COLOR_NAME = AccentColor;
				CODE_SIGN_STYLE = Automatic;
				CURRENT_PROJECT_VERSION = 1;
				DEVELOPMENT_ASSET_PATHS = "\"SimplePokedex/Preview Content\"";
				DEVELOPMENT_TEAM = J9T7CX8U3Q;
				ENABLE_PREVIEWS = YES;
				GENERATE_INFOPLIST_FILE = YES;
				INFOPLIST_KEY_UIApplicationSceneManifest_Generation = YES;
				INFOPLIST_KEY_UIApplicationSupportsIndirectInputEvents = YES;
				INFOPLIST_KEY_UILaunchScreen_Generation = YES;
				INFOPLIST_KEY_UISupportedInterfaceOrientations_iPad = "UIInterfaceOrientationPortrait UIInterfaceOrientationPortraitUpsideDown UIInterfaceOrientationLandscapeLeft UIInterfaceOrientationLandscapeRight";
				INFOPLIST_KEY_UISupportedInterfaceOrientations_iPhone = "UIInterfaceOrientationPortrait UIInterfaceOrientationLandscapeLeft UIInterfaceOrientationLandscapeRight";
				LD_RUNPATH_SEARCH_PATHS = (
					"$(inherited)",
					"@executable_path/Frameworks",
				);
				MARKETING_VERSION = 1.0;
				PRODUCT_BUNDLE_IDENTIFIER = zwitschki.SimplePokedex;
				PRODUCT_NAME = "$(TARGET_NAME)";
				SWIFT_EMIT_LOC_STRINGS = YES;
				SWIFT_VERSION = 5.0;
				TARGETED_DEVICE_FAMILY = "1,2";
			};
			name = Debug;
		};
		9F772E4A27A8804C004FB91D /* Release */ = {
			isa = XCBuildConfiguration;
			buildSettings = {
				ASSETCATALOG_COMPILER_APPICON_NAME = AppIcon;
				ASSETCATALOG_COMPILER_GLOBAL_ACCENT_COLOR_NAME = AccentColor;
				CODE_SIGN_STYLE = Automatic;
				CURRENT_PROJECT_VERSION = 1;
				DEVELOPMENT_ASSET_PATHS = "\"SimplePokedex/Preview Content\"";
				DEVELOPMENT_TEAM = J9T7CX8U3Q;
				ENABLE_PREVIEWS = YES;
				GENERATE_INFOPLIST_FILE = YES;
				INFOPLIST_KEY_UIApplicationSceneManifest_Generation = YES;
				INFOPLIST_KEY_UIApplicationSupportsIndirectInputEvents = YES;
				INFOPLIST_KEY_UILaunchScreen_Generation = YES;
				INFOPLIST_KEY_UISupportedInterfaceOrientations_iPad = "UIInterfaceOrientationPortrait UIInterfaceOrientationPortraitUpsideDown UIInterfaceOrientationLandscapeLeft UIInterfaceOrientationLandscapeRight";
				INFOPLIST_KEY_UISupportedInterfaceOrientations_iPhone = "UIInterfaceOrientationPortrait UIInterfaceOrientationLandscapeLeft UIInterfaceOrientationLandscapeRight";
				LD_RUNPATH_SEARCH_PATHS = (
					"$(inherited)",
					"@executable_path/Frameworks",
				);
				MARKETING_VERSION = 1.0;
				PRODUCT_BUNDLE_IDENTIFIER = zwitschki.SimplePokedex;
				PRODUCT_NAME = "$(TARGET_NAME)";
				SWIFT_EMIT_LOC_STRINGS = YES;
				SWIFT_VERSION = 5.0;
				TARGETED_DEVICE_FAMILY = "1,2";
			};
			name = Release;
		};
/* End XCBuildConfiguration section */

/* Begin XCConfigurationList section */
		9F772E3527A88045004FB91D /* Build configuration list for PBXProject "SimplePokedex" */ = {
			isa = XCConfigurationList;
			buildConfigurations = (
				9F772E4627A8804C004FB91D /* Debug */,
				9F772E4727A8804C004FB91D /* Release */,
			);
			defaultConfigurationIsVisible = 0;
			defaultConfigurationName = Release;
		};
		9F772E4827A8804C004FB91D /* Build configuration list for PBXNativeTarget "SimplePokedex" */ = {
			isa = XCConfigurationList;
			buildConfigurations = (
				9F772E4927A8804C004FB91D /* Debug */,
				9F772E4A27A8804C004FB91D /* Release */,
			);
			defaultConfigurationIsVisible = 0;
			defaultConfigurationName = Release;
		};
/* End XCConfigurationList section */
	};
	rootObject = 9F772E3227A88045004FB91D /* Project object */;
}
